
Microsoft Visual Studio Solution File, Format Version 12.00
# Visual Studio Version 16
VisualStudioVersion = 16.0.31515.178
MinimumVisualStudioVersion = 10.0.40219.1
Project("{FAE04EC0-301F-11D3-BF4B-00C04F79EFBC}") = "Popup_Toast_Message.Android", "Popup_Toast_Message.Android\Popup_Toast_Message.Android.csproj", "{9C09FB4B-8F60-4E8F-AA62-8BCBD5C7DF3F}"
EndProject
Project("{FAE04EC0-301F-11D3-BF4B-00C04F79EFBC}") = "Popup_Toast_Message", "Popup_Toast_Message\Popup_Toast_Message.csproj", "{BE1F57A0-D7CA-4C39-A6D4-1F42C1714D83}"
EndProject
Global
	GlobalSection(SolutionConfigurationPlatforms) = preSolution
		Debug|Any CPU = Debug|Any CPU
		Release|Any CPU = Release|Any CPU
	EndGlobalSection
	GlobalSection(ProjectConfigurationPlatforms) = postSolution
		{9C09FB4B-8F60-4E8F-AA62-8BCBD5C7DF3F}.Debug|Any CPU.ActiveCfg = Debug|Any CPU
		{9C09FB4B-8F60-4E8F-AA62-8BCBD5C7DF3F}.Debug|Any CPU.Build.0 = Debug|Any CPU
		{9C09FB4B-8F60-4E8F-AA62-8BCBD5C7DF3F}.Debug|Any CPU.Deploy.0 = Debug|Any CPU
		{9C09FB4B-8F60-4E8F-AA62-8BCBD5C7DF3F}.Release|Any CPU.ActiveCfg = Release|Any CPU
		{9C09FB4B-8F60-4E8F-AA62-8BCBD5C7DF3F}.Release|Any CPU.Build.0 = Release|Any CPU
		{9C09FB4B-8F60-4E8F-AA62-8BCBD5C7DF3F}.Release|Any CPU.Deploy.0 = Release|Any CPU
		{BE1F57A0-D7CA-4C39-A6D4-1F42C1714D83}.Debug|Any CPU.ActiveCfg = Debug|Any CPU
		{BE1F57A0-D7CA-4C39-A6D4-1F42C1714D83}.Debug|Any CPU.Build.0 = Debug|Any CPU
		{BE1F57A0-D7CA-4C39-A6D4-1F42C1714D83}.Debug|Any CPU.Deploy.0 = Debug|Any CPU
		{BE1F57A0-D7CA-4C39-A6D4-1F42C1714D83}.Release|Any CPU.ActiveCfg = Release|Any CPU
		{BE1F57A0-D7CA-4C39-A6D4-1F42C1714D83}.Release|Any CPU.Build.0 = Release|Any CPU
		{BE1F57A0-D7CA-4C39-A6D4-1F42C1714D83}.Release|Any CPU.Deploy.0 = Release|Any CPU
	EndGlobalSection
	GlobalSection(SolutionProperties) = preSolution
		HideSolutionNode = FALSE
	EndGlobalSection
	GlobalSection(ExtensibilityGlobals) = postSolution
		SolutionGuid = {F7AD5FCA-CE3A-4692-A709-A0233B27F526}
	EndGlobalSection
EndGlobal
